
Microsoft Visual Studio Solution File, Format Version 12.00
# Visual Studio 14
VisualStudioVersion = 14.0.25420.1
MinimumVisualStudioVersion = 10.0.40219.1
Project("{FAE04EC0-301F-11D3-BF4B-00C04F79EFBC}") = "AnylineProxy", "AnylineProxy\AnylineProxy.csproj", "{A130D81A-C0EA-4EC7-BB83-CB2DC83D5E3B}"
EndProject
Project("{2150E333-8FDC-42A3-9474-1A3956D46DE8}") = "Assets", "Assets", "{F6ECD039-B1E5-4C4E-BDBF-1E3B99C2BB7F}"
	ProjectSection(SolutionItems) = preProject
		MrzConfig.json = MrzConfig.json
	EndProjectSection
EndProject
Global
	GlobalSection(SolutionConfigurationPlatforms) = preSolution
		Debug|Any CPU = Debug|Any CPU
		Debug|ARM = Debug|ARM
		Debug|x64 = Debug|x64
		Debug|x86 = Debug|x86
		Release|Any CPU = Release|Any CPU
		Release|ARM = Release|ARM
		Release|x64 = Release|x64
		Release|x86 = Release|x86
	EndGlobalSection
	GlobalSection(ProjectConfigurationPlatforms) = postSolution
		{A130D81A-C0EA-4EC7-BB83-CB2DC83D5E3B}.Debug|Any CPU.ActiveCfg = Debug|Any CPU
		{A130D81A-C0EA-4EC7-BB83-CB2DC83D5E3B}.Debug|Any CPU.Build.0 = Debug|Any CPU
		{A130D81A-C0EA-4EC7-BB83-CB2DC83D5E3B}.Debug|ARM.ActiveCfg = Debug|ARM
		{A130D81A-C0EA-4EC7-BB83-CB2DC83D5E3B}.Debug|ARM.Build.0 = Debug|ARM
		{A130D81A-C0EA-4EC7-BB83-CB2DC83D5E3B}.Debug|x64.ActiveCfg = Debug|x64
		{A130D81A-C0EA-4EC7-BB83-CB2DC83D5E3B}.Debug|x64.Build.0 = Debug|x64
		{A130D81A-C0EA-4EC7-BB83-CB2DC83D5E3B}.Debug|x86.ActiveCfg = Debug|x86
		{A130D81A-C0EA-4EC7-BB83-CB2DC83D5E3B}.Debug|x86.Build.0 = Debug|x86
		{A130D81A-C0EA-4EC7-BB83-CB2DC83D5E3B}.Release|Any CPU.ActiveCfg = Release|Any CPU
		{A130D81A-C0EA-4EC7-BB83-CB2DC83D5E3B}.Release|Any CPU.Build.0 = Release|Any CPU
		{A130D81A-C0EA-4EC7-BB83-CB2DC83D5E3B}.Release|ARM.ActiveCfg = Release|ARM
		{A130D81A-C0EA-4EC7-BB83-CB2DC83D5E3B}.Release|ARM.Build.0 = Release|ARM
		{A130D81A-C0EA-4EC7-BB83-CB2DC83D5E3B}.Release|x64.ActiveCfg = Release|x64
		{A130D81A-C0EA-4EC7-BB83-CB2DC83D5E3B}.Release|x64.Build.0 = Release|x64
		{A130D81A-C0EA-4EC7-BB83-CB2DC83D5E3B}.Release|x86.ActiveCfg = Release|x86
		{A130D81A-C0EA-4EC7-BB83-CB2DC83D5E3B}.Release|x86.Build.0 = Release|x86
	EndGlobalSection
	GlobalSection(SolutionProperties) = preSolution
		HideSolutionNode = FALSE
	EndGlobalSection
EndGlobal
